# This file is generated by running "yarn install" inside your project.
# Manual changes might be lost - proceed with caution!

__metadata:
  version: 6
  cacheKey: 8

"@types/node@npm:^17.0.34":
  version: 17.0.34
  resolution: "@types/node@npm:17.0.34"
  checksum: eb9a640ab85b62e8f7b9db1f19b674cc4ff49b94d55085ab6c28c997dbe90356631c4df484fe686082c938bfc6fb02c9e85eb805d1415dfe6de7e31f47a09a70
  languageName: node
  linkType: hard

"asynckit@npm:^0.4.0":
  version: 0.4.0
  resolution: "asynckit@npm:0.4.0"
  checksum: 7b78c451df768adba04e2d02e63e2d0bf3b07adcd6e42b4cf665cb7ce899bedd344c69a1dcbce355b5f972d597b25aaa1c1742b52cffd9caccb22f348114f6be
  languageName: node
  linkType: hard

"axios@npm:^0.27.2":
  version: 0.27.2
  resolution: "axios@npm:0.27.2"
  dependencies:
    follow-redirects: ^1.14.9
    form-data: ^4.0.0
  checksum: 38cb7540465fe8c4102850c4368053c21683af85c5fdf0ea619f9628abbcb59415d1e22ebc8a6390d2bbc9b58a9806c874f139767389c862ec9b772235f06854
  languageName: node
  linkType: hard

"balanced-match@npm:^1.0.0":
  version: 1.0.2
  resolution: "balanced-match@npm:1.0.2"
  checksum: 9706c088a283058a8a99e0bf91b0a2f75497f185980d9ffa8b304de1d9e58ebda7c72c07ebf01dadedaac5b2907b2c6f566f660d62bd336c3468e960403b9d65
  languageName: node
  linkType: hard

"brace-expansion@npm:^1.1.7":
  version: 1.1.11
  resolution: "brace-expansion@npm:1.1.11"
  dependencies:
    balanced-match: ^1.0.0
    concat-map: 0.0.1
  checksum: faf34a7bb0c3fcf4b59c7808bc5d2a96a40988addf2e7e09dfbb67a2251800e0d14cd2bfc1aa79174f2f5095c54ff27f46fb1289fe2d77dac755b5eb3434cc07
  languageName: node
  linkType: hard

"combined-stream@npm:^1.0.8":
  version: 1.0.8
  resolution: "combined-stream@npm:1.0.8"
  dependencies:
    delayed-stream: ~1.0.0
  checksum: 49fa4aeb4916567e33ea81d088f6584749fc90c7abec76fd516bf1c5aa5c79f3584b5ba3de6b86d26ddd64bae5329c4c7479343250cfe71c75bb366eae53bb7c
  languageName: node
  linkType: hard

"concat-map@npm:0.0.1":
  version: 0.0.1
  resolution: "concat-map@npm:0.0.1"
  checksum: 902a9f5d8967a3e2faf138d5cb784b9979bad2e6db5357c5b21c568df4ebe62bcb15108af1b2253744844eb964fc023fbd9afbbbb6ddd0bcc204c6fb5b7bf3af
  languageName: node
  linkType: hard

"delayed-stream@npm:~1.0.0":
  version: 1.0.0
  resolution: "delayed-stream@npm:1.0.0"
  checksum: 46fe6e83e2cb1d85ba50bd52803c68be9bd953282fa7096f51fc29edd5d67ff84ff753c51966061e5ba7cb5e47ef6d36a91924eddb7f3f3483b1c560f77a0020
  languageName: node
  linkType: hard

"discord-api-types@npm:^0.33.0":
  version: 0.33.0
  resolution: "discord-api-types@npm:0.33.0"
  checksum: 8ae2c7e36c34e1d250acab18f8d2941be6135b4e08e48f9c0f584b23a59e8b310ec33f78a46e4aa8294639ec0b5703162f1895eb0f446c70559ae4e69cd26b16
  languageName: node
  linkType: hard

"dotenv@npm:^16.0.1":
  version: 16.0.1
  resolution: "dotenv@npm:16.0.1"
  checksum: f459ffce07b977b7f15d8cc4ee69cdff77d4dd8c5dc8c85d2d485ee84655352c2415f9dd09d42b5b5985ced3be186130871b34e2f3e2569ebc72fbc2e8096792
  languageName: node
  linkType: hard

"follow-redirects@npm:^1.14.9":
  version: 1.15.0
  resolution: "follow-redirects@npm:1.15.0"
  peerDependenciesMeta:
    debug:
      optional: true
  checksum: eaec81c3e0ae57aae2422e38ad3539d0e7279b3a63f9681eeea319bb683dea67502c4e097136b8ce9721542b4e236e092b6b49e34e326cdd7733c274f0a3f378
  languageName: node
  linkType: hard

"form-data@npm:^4.0.0":
  version: 4.0.0
  resolution: "form-data@npm:4.0.0"
  dependencies:
    asynckit: ^0.4.0
    combined-stream: ^1.0.8
    mime-types: ^2.1.12
  checksum: 01135bf8675f9d5c61ff18e2e2932f719ca4de964e3be90ef4c36aacfc7b9cb2fceb5eca0b7e0190e3383fe51c5b37f4cb80b62ca06a99aaabfcfd6ac7c9328c
  languageName: node
  linkType: hard

"fs.realpath@npm:^1.0.0":
  version: 1.0.0
  resolution: "fs.realpath@npm:1.0.0"
  checksum: 99ddea01a7e75aa276c250a04eedeffe5662bce66c65c07164ad6264f9de18fb21be9433ead460e54cff20e31721c811f4fb5d70591799df5f85dce6d6746fd0
  languageName: node
  linkType: hard

"glob@npm:^7.1.3":
  version: 7.2.3
  resolution: "glob@npm:7.2.3"
  dependencies:
    fs.realpath: ^1.0.0
    inflight: ^1.0.4
    inherits: 2
    minimatch: ^3.1.1
    once: ^1.3.0
    path-is-absolute: ^1.0.0
  checksum: 29452e97b38fa704dabb1d1045350fb2467cf0277e155aa9ff7077e90ad81d1ea9d53d3ee63bd37c05b09a065e90f16aec4a65f5b8de401d1dac40bc5605d133
  languageName: node
  linkType: hard

"inflight@npm:^1.0.4":
  version: 1.0.6
  resolution: "inflight@npm:1.0.6"
  dependencies:
    once: ^1.3.0
    wrappy: 1
  checksum: f4f76aa072ce19fae87ce1ef7d221e709afb59d445e05d47fba710e85470923a75de35bfae47da6de1b18afc3ce83d70facf44cfb0aff89f0a3f45c0a0244dfd
  languageName: node
  linkType: hard

"inherits@npm:2":
  version: 2.0.4
  resolution: "inherits@npm:2.0.4"
  checksum: 4a48a733847879d6cf6691860a6b1e3f0f4754176e4d71494c41f3475553768b10f84b5ce1d40fbd0e34e6bfbb864ee35858ad4dd2cf31e02fc4a154b724d7f1
  languageName: node
  linkType: hard

"json5@npm:^2.2.1":
  version: 2.2.1
  resolution: "json5@npm:2.2.1"
  bin:
    json5: lib/cli.js
  checksum: 74b8a23b102a6f2bf2d224797ae553a75488b5adbaee9c9b6e5ab8b510a2fc6e38f876d4c77dea672d4014a44b2399e15f2051ac2b37b87f74c0c7602003543b
  languageName: node
  linkType: hard

"mime-db@npm:1.52.0":
  version: 1.52.0
  resolution: "mime-db@npm:1.52.0"
  checksum: 0d99a03585f8b39d68182803b12ac601d9c01abfa28ec56204fa330bc9f3d1c5e14beb049bafadb3dbdf646dfb94b87e24d4ec7b31b7279ef906a8ea9b6a513f
  languageName: node
  linkType: hard

"mime-types@npm:^2.1.12":
  version: 2.1.35
  resolution: "mime-types@npm:2.1.35"
  dependencies:
    mime-db: 1.52.0
  checksum: 89a5b7f1def9f3af5dad6496c5ed50191ae4331cc5389d7c521c8ad28d5fdad2d06fd81baf38fed813dc4e46bb55c8145bb0ff406330818c9cf712fb2e9b3836
  languageName: node
  linkType: hard

"minimatch@npm:^3.1.1":
  version: 3.1.2
  resolution: "minimatch@npm:3.1.2"
  dependencies:
    brace-expansion: ^1.1.7
  checksum: c154e566406683e7bcb746e000b84d74465b3a832c45d59912b9b55cd50dee66e5c4b1e5566dba26154040e51672f9aa450a9aef0c97cfc7336b78b7afb9540a
  languageName: node
  linkType: hard

"once@npm:^1.3.0":
  version: 1.4.0
  resolution: "once@npm:1.4.0"
  dependencies:
    wrappy: 1
  checksum: cd0a88501333edd640d95f0d2700fbde6bff20b3d4d9bdc521bdd31af0656b5706570d6c6afe532045a20bb8dc0849f8332d6f2a416e0ba6d3d3b98806c7db68
  languageName: node
  linkType: hard

"path-is-absolute@npm:^1.0.0":
  version: 1.0.1
  resolution: "path-is-absolute@npm:1.0.1"
  checksum: 060840f92cf8effa293bcc1bea81281bd7d363731d214cbe5c227df207c34cd727430f70c6037b5159c8a870b9157cba65e775446b0ab06fd5ecc7e54615a3b8
  languageName: node
  linkType: hard

"rimraf@npm:^3.0.2":
  version: 3.0.2
  resolution: "rimraf@npm:3.0.2"
  dependencies:
    glob: ^7.1.3
  bin:
    rimraf: bin.js
  checksum: 87f4164e396f0171b0a3386cc1877a817f572148ee13a7e113b238e48e8a9f2f31d009a92ec38a591ff1567d9662c6b67fd8818a2dbbaed74bc26a87a2a4a9a0
  languageName: node
  linkType: hard

"tslib@npm:^2.4.0":
  version: 2.4.0
  resolution: "tslib@npm:2.4.0"
  checksum: 8c4aa6a3c5a754bf76aefc38026134180c053b7bd2f81338cb5e5ebf96fefa0f417bff221592bf801077f5bf990562f6264fecbc42cd3309b33872cb6fc3b113
  languageName: node
  linkType: hard

"typescript@npm:^4.6.4":
  version: 4.6.4
  resolution: "typescript@npm:4.6.4"
  bin:
    tsc: bin/tsc
    tsserver: bin/tsserver
  checksum: e7bfcc39cd4571a63a54e5ea21f16b8445268b9900bf55aee0e02ad981be576acc140eba24f1af5e3c1457767c96cea6d12861768fb386cf3ffb34013718631a
  languageName: node
  linkType: hard

"typescript@patch:typescript@^4.6.4#~builtin<compat/typescript>":
  version: 4.6.4
  resolution: "typescript@patch:typescript@npm%3A4.6.4#~builtin<compat/typescript>::version=4.6.4&hash=7ad353"
  bin:
    tsc: bin/tsc
    tsserver: bin/tsserver
  checksum: 1cb434fbc637d347be90e3a0c6cd05e33c38f941713c8786d3031faf1842c2c148ba91d2fac01e7276b0ae3249b8633f1660e32686cc7a8c6a8fd5361dc52c66
  languageName: node
  linkType: hard

"workflow@workspace:.":
  version: 0.0.0-use.local
  resolution: "workflow@workspace:."
  dependencies:
    "@types/node": ^17.0.34
    axios: ^0.27.2
    discord-api-types: ^0.33.0
    dotenv: ^16.0.1
    json5: ^2.2.1
    rimraf: ^3.0.2
    tslib: ^2.4.0
    typescript: ^4.6.4
  languageName: unknown
  linkType: soft

"wrappy@npm:1":
  version: 1.0.2
  resolution: "wrappy@npm:1.0.2"
  checksum: 159da4805f7e84a3d003d8841557196034155008f817172d4e986bd591f74aa82aa7db55929a54222309e01079a65a92a9e6414da5a6aa4b01ee44a511ac3ee5
  languageName: node
  linkType: hard
